// !$*UTF8*$!
{
	archiveVersion = 1;
	classes = {
	};
	objectVersion = 48;
	objects = {

/* Begin PBXBuildFile section */
		68AC0EEC2035AE6700EE5D73 /* AppDelegate.swift in Sources */ = {isa = PBXBuildFile; fileRef = 68AC0EEB2035AE6700EE5D73 /* AppDelegate.swift */; };
		68AC0EEE2035AE6700EE5D73 /* ViewController.swift in Sources */ = {isa = PBXBuildFile; fileRef = 68AC0EED2035AE6700EE5D73 /* ViewController.swift */; };
		68AC0EF12035AE6700EE5D73 /* Main.storyboard in Resources */ = {isa = PBXBuildFile; fileRef = 68AC0EEF2035AE6700EE5D73 /* Main.storyboard */; };
		68AC0EF32035AE6800EE5D73 /* Assets.xcassets in Resources */ = {isa = PBXBuildFile; fileRef = 68AC0EF22035AE6800EE5D73 /* Assets.xcassets */; };
		68AC0EF62035AE6800EE5D73 /* LaunchScreen.storyboard in Resources */ = {isa = PBXBuildFile; fileRef = 68AC0EF42035AE6800EE5D73 /* LaunchScreen.storyboard */; };
		68AC0F012035AE6800EE5D73 /* DemoLocationTests.swift in Sources */ = {isa = PBXBuildFile; fileRef = 68AC0F002035AE6800EE5D73 /* DemoLocationTests.swift */; };
		68AC0F0C2035AE6800EE5D73 /* DemoLocationUITests.swift in Sources */ = {isa = PBXBuildFile; fileRef = 68AC0F0B2035AE6800EE5D73 /* DemoLocationUITests.swift */; };
/* End PBXBuildFile section */

/* Begin PBXContainerItemProxy section */
		68AC0EFD2035AE6800EE5D73 /* PBXContainerItemProxy */ = {
			isa = PBXContainerItemProxy;
			containerPortal = 68AC0EE02035AE6700EE5D73 /* Project object */;
			proxyType = 1;
			remoteGlobalIDString = 68AC0EE72035AE6700EE5D73;
			remoteInfo = DemoLocation;
		};
		68AC0F082035AE6800EE5D73 /* PBXContainerItemProxy */ = {
			isa = PBXContainerItemProxy;
			containerPortal = 68AC0EE02035AE6700EE5D73 /* Project object */;
			proxyType = 1;
			remoteGlobalIDString = 68AC0EE72035AE6700EE5D73;
			remoteInfo = DemoLocation;
		};
/* End PBXContainerItemProxy section */

/* Begin PBXFileReference section */
		68AC0EE82035AE6700EE5D73 /* DemoLocation.app */ = {isa = PBXFileReference; explicitFileType = wrapper.application; includeInIndex = 0; path = DemoLocation.app; sourceTree = BUILT_PRODUCTS_DIR; };
		68AC0EEB2035AE6700EE5D73 /* AppDelegate.swift */ = {isa = PBXFileReference; lastKnownFileType = sourcecode.swift; path = AppDelegate.swift; sourceTree = "<group>"; };
		68AC0EED2035AE6700EE5D73 /* ViewController.swift */ = {isa = PBXFileReference; lastKnownFileType = sourcecode.swift; path = ViewController.swift; sourceTree = "<group>"; };
		68AC0EF02035AE6700EE5D73 /* Base */ = {isa = PBXFileReference; lastKnownFileType = file.storyboard; name = Base; path = Base.lproj/Main.storyboard; sourceTree = "<group>"; };
		68AC0EF22035AE6800EE5D73 /* Assets.xcassets */ = {isa = PBXFileReference; lastKnownFileType = folder.assetcatalog; path = Assets.xcassets; sourceTree = "<group>"; };
		68AC0EF52035AE6800EE5D73 /* Base */ = {isa = PBXFileReference; lastKnownFileType = file.storyboard; name = Base; path = Base.lproj/LaunchScreen.storyboard; sourceTree = "<group>"; };
		68AC0EF72035AE6800EE5D73 /* Info.plist */ = {isa = PBXFileReference; lastKnownFileType = text.plist.xml; path = Info.plist; sourceTree = "<group>"; };
		68AC0EFC2035AE6800EE5D73 /* DemoLocationTests.xctest */ = {isa = PBXFileReference; explicitFileType = wrapper.cfbundle; includeInIndex = 0; path = DemoLocationTests.xctest; sourceTree = BUILT_PRODUCTS_DIR; };
		68AC0F002035AE6800EE5D73 /* DemoLocationTests.swift */ = {isa = PBXFileReference; lastKnownFileType = sourcecode.swift; path = DemoLocationTests.swift; sourceTree = "<group>"; };
		68AC0F022035AE6800EE5D73 /* Info.plist */ = {isa = PBXFileReference; lastKnownFileType = text.plist.xml; path = Info.plist; sourceTree = "<group>"; };
		68AC0F072035AE6800EE5D73 /* DemoLocationUITests.xctest */ = {isa = PBXFileReference; explicitFileType = wrapper.cfbundle; includeInIndex = 0; path = DemoLocationUITests.xctest; sourceTree = BUILT_PRODUCTS_DIR; };
		68AC0F0B2035AE6800EE5D73 /* DemoLocationUITests.swift */ = {isa = PBXFileReference; lastKnownFileType = sourcecode.swift; path = DemoLocationUITests.swift; sourceTree = "<group>"; };
		68AC0F0D2035AE6800EE5D73 /* Info.plist */ = {isa = PBXFileReference; lastKnownFileType = text.plist.xml; path = Info.plist; sourceTree = "<group>"; };
/* End PBXFileReference section */

/* Begin PBXFrameworksBuildPhase section */
		68AC0EE52035AE6700EE5D73 /* Frameworks */ = {
			isa = PBXFrameworksBuildPhase;
			buildActionMask = 2147483647;
			files = (
			);
			runOnlyForDeploymentPostprocessing = 0;
		};
		68AC0EF92035AE6800EE5D73 /* Frameworks */ = {
			isa = PBXFrameworksBuildPhase;
			buildActionMask = 2147483647;
			files = (
			);
			runOnlyForDeploymentPostprocessing = 0;
		};
		68AC0F042035AE6800EE5D73 /* Frameworks */ = {
			isa = PBXFrameworksBuildPhase;
			buildActionMask = 2147483647;
			files = (
			);
			runOnlyForDeploymentPostprocessing = 0;
		};
/* End PBXFrameworksBuildPhase section */

/* Begin PBXGroup section */
		68AC0EDF2035AE6700EE5D73 = {
			isa = PBXGroup;
			children = (
				68AC0EEA2035AE6700EE5D73 /* DemoLocation */,
				68AC0EFF2035AE6800EE5D73 /* DemoLocationTests */,
				68AC0F0A2035AE6800EE5D73 /* DemoLocationUITests */,
				68AC0EE92035AE6700EE5D73 /* Products */,
			);
			sourceTree = "<group>";
		};
		68AC0EE92035AE6700EE5D73 /* Products */ = {
			isa = PBXGroup;
			children = (
				68AC0EE82035AE6700EE5D73 /* DemoLocation.app */,
				68AC0EFC2035AE6800EE5D73 /* DemoLocationTests.xctest */,
				68AC0F072035AE6800EE5D73 /* DemoLocationUITests.xctest */,
			);
			name = Products;
			sourceTree = "<group>";
		};
		68AC0EEA2035AE6700EE5D73 /* DemoLocation */ = {
			isa = PBXGroup;
			children = (
				68AC0EEB2035AE6700EE5D73 /* AppDelegate.swift */,
				68AC0EED2035AE6700EE5D73 /* ViewController.swift */,
				68AC0EEF2035AE6700EE5D73 /* Main.storyboard */,
				68AC0EF22035AE6800EE5D73 /* Assets.xcassets */,
				68AC0EF42035AE6800EE5D73 /* LaunchScreen.storyboard */,
				68AC0EF72035AE6800EE5D73 /* Info.plist */,
			);
			path = DemoLocation;
			sourceTree = "<group>";
		};
		68AC0EFF2035AE6800EE5D73 /* DemoLocationTests */ = {
			isa = PBXGroup;
			children = (
				68AC0F002035AE6800EE5D73 /* DemoLocationTests.swift */,
				68AC0F022035AE6800EE5D73 /* Info.plist */,
			);
			path = DemoLocationTests;
			sourceTree = "<group>";
		};
		68AC0F0A2035AE6800EE5D73 /* DemoLocationUITests */ = {
			isa = PBXGroup;
			children = (
				68AC0F0B2035AE6800EE5D73 /* DemoLocationUITests.swift */,
				68AC0F0D2035AE6800EE5D73 /* Info.plist */,
			);
			path = DemoLocationUITests;
			sourceTree = "<group>";
		};
/* End PBXGroup section */

/* Begin PBXNativeTarget section */
		68AC0EE72035AE6700EE5D73 /* DemoLocation */ = {
			isa = PBXNativeTarget;
			buildConfigurationList = 68AC0F102035AE6800EE5D73 /* Build configuration list for PBXNativeTarget "DemoLocation" */;
			buildPhases = (
				68AC0EE42035AE6700EE5D73 /* Sources */,
				68AC0EE52035AE6700EE5D73 /* Frameworks */,
				68AC0EE62035AE6700EE5D73 /* Resources */,
			);
			buildRules = (
			);
			dependencies = (
			);
			name = DemoLocation;
			productName = DemoLocation;
			productReference = 68AC0EE82035AE6700EE5D73 /* DemoLocation.app */;
			productType = "com.apple.product-type.application";
		};
		68AC0EFB2035AE6800EE5D73 /* DemoLocationTests */ = {
			isa = PBXNativeTarget;
			buildConfigurationList = 68AC0F132035AE6800EE5D73 /* Build configuration list for PBXNativeTarget "DemoLocationTests" */;
			buildPhases = (
				68AC0EF82035AE6800EE5D73 /* Sources */,
				68AC0EF92035AE6800EE5D73 /* Frameworks */,
				68AC0EFA2035AE6800EE5D73 /* Resources */,
			);
			buildRules = (
			);
			dependencies = (
				68AC0EFE2035AE6800EE5D73 /* PBXTargetDependency */,
			);
			name = DemoLocationTests;
			productName = DemoLocationTests;
			productReference = 68AC0EFC2035AE6800EE5D73 /* DemoLocationTests.xctest */;
			productType = "com.apple.product-type.bundle.unit-test";
		};
		68AC0F062035AE6800EE5D73 /* DemoLocationUITests */ = {
			isa = PBXNativeTarget;
			buildConfigurationList = 68AC0F162035AE6800EE5D73 /* Build configuration list for PBXNativeTarget "DemoLocationUITests" */;
			buildPhases = (
				68AC0F032035AE6800EE5D73 /* Sources */,
				68AC0F042035AE6800EE5D73 /* Frameworks */,
				68AC0F052035AE6800EE5D73 /* Resources */,
			);
			buildRules = (
			);
			dependencies = (
				68AC0F092035AE6800EE5D73 /* PBXTargetDependency */,
			);
			name = DemoLocationUITests;
			productName = DemoLocationUITests;
			productReference = 68AC0F072035AE6800EE5D73 /* DemoLocationUITests.xctest */;
			productType = "com.apple.product-type.bundle.ui-testing";
		};
/* End PBXNativeTarget section */

/* Begin PBXProject section */
		68AC0EE02035AE6700EE5D73 /* Project object */ = {
			isa = PBXProject;
			attributes = {
				LastSwiftUpdateCheck = 0920;
				LastUpgradeCheck = 0920;
				ORGANIZATIONNAME = MyCompany;
				TargetAttributes = {
					68AC0EE72035AE6700EE5D73 = {
						CreatedOnToolsVersion = 9.2;
						ProvisioningStyle = Automatic;
					};
					68AC0EFB2035AE6800EE5D73 = {
						CreatedOnToolsVersion = 9.2;
						ProvisioningStyle = Automatic;
						TestTargetID = 68AC0EE72035AE6700EE5D73;
					};
					68AC0F062035AE6800EE5D73 = {
						CreatedOnToolsVersion = 9.2;
						ProvisioningStyle = Automatic;
						TestTargetID = 68AC0EE72035AE6700EE5D73;
					};
				};
			};
			buildConfigurationList = 68AC0EE32035AE6700EE5D73 /* Build configuration list for PBXProject "DemoLocation" */;
			compatibilityVersion = "Xcode 8.0";
			developmentRegion = en;
			hasScannedForEncodings = 0;
			knownRegions = (
				en,
				Base,
			);
			mainGroup = 68AC0EDF2035AE6700EE5D73;
			productRefGroup = 68AC0EE92035AE6700EE5D73 /* Products */;
			projectDirPath = "";
			projectRoot = "";
			targets = (
				68AC0EE72035AE6700EE5D73 /* DemoLocation */,
				68AC0EFB2035AE6800EE5D73 /* DemoLocationTests */,
				68AC0F062035AE6800EE5D73 /* DemoLocationUITests */,
			);
		};
/* End PBXProject section */

/* Begin PBXResourcesBuildPhase section */
		68AC0EE62035AE6700EE5D73 /* Resources */ = {
			isa = PBXResourcesBuildPhase;
			buildActionMask = 2147483647;
			files = (
				68AC0EF62035AE6800EE5D73 /* LaunchScreen.storyboard in Resources */,
				68AC0EF32035AE6800EE5D73 /* Assets.xcassets in Resources */,
				68AC0EF12035AE6700EE5D73 /* Main.storyboard in Resources */,
			);
			runOnlyForDeploymentPostprocessing = 0;
		};
		68AC0EFA2035AE6800EE5D73 /* Resources */ = {
			isa = PBXResourcesBuildPhase;
			buildActionMask = 2147483647;
			files = (
			);
			runOnlyForDeploymentPostprocessing = 0;
		};
		68AC0F052035AE6800EE5D73 /* Resources */ = {
			isa = PBXResourcesBuildPhase;
			buildActionMask = 2147483647;
			files = (
			);
			runOnlyForDeploymentPostprocessing = 0;
		};
/* End PBXResourcesBuildPhase section */

/* Begin PBXSourcesBuildPhase section */
		68AC0EE42035AE6700EE5D73 /* Sources */ = {
			isa = PBXSourcesBuildPhase;
			buildActionMask = 2147483647;
			files = (
				68AC0EEE2035AE6700EE5D73 /* ViewController.swift in Sources */,
				68AC0EEC2035AE6700EE5D73 /* AppDelegate.swift in Sources */,
			);
			runOnlyForDeploymentPostprocessing = 0;
		};
		68AC0EF82035AE6800EE5D73 /* Sources */ = {
			isa = PBXSourcesBuildPhase;
			buildActionMask = 2147483647;
			files = (
				68AC0F012035AE6800EE5D73 /* DemoLocationTests.swift in Sources */,
			);
			runOnlyForDeploymentPostprocessing = 0;
		};
		68AC0F032035AE6800EE5D73 /* Sources */ = {
			isa = PBXSourcesBuildPhase;
			buildActionMask = 2147483647;
			files = (
				68AC0F0C2035AE6800EE5D73 /* DemoLocationUITests.swift in Sources */,
			);
			runOnlyForDeploymentPostprocessing = 0;
		};
/* End PBXSourcesBuildPhase section */

/* Begin PBXTargetDependency section */
		68AC0EFE2035AE6800EE5D73 /* PBXTargetDependency */ = {
			isa = PBXTargetDependency;
			target = 68AC0EE72035AE6700EE5D73 /* DemoLocation */;
			targetProxy = 68AC0EFD2035AE6800EE5D73 /* PBXContainerItemProxy */;
		};
		68AC0F092035AE6800EE5D73 /* PBXTargetDependency */ = {
			isa = PBXTargetDependency;
			target = 68AC0EE72035AE6700EE5D73 /* DemoLocation */;
			targetProxy = 68AC0F082035AE6800EE5D73 /* PBXContainerItemProxy */;
		};
/* End PBXTargetDependency section */

/* Begin PBXVariantGroup section */
		68AC0EEF2035AE6700EE5D73 /* Main.storyboard */ = {
			isa = PBXVariantGroup;
			children = (
				68AC0EF02035AE6700EE5D73 /* Base */,
			);
			name = Main.storyboard;
			sourceTree = "<group>";
		};
		68AC0EF42035AE6800EE5D73 /* LaunchScreen.storyboard */ = {
			isa = PBXVariantGroup;
			children = (
				68AC0EF52035AE6800EE5D73 /* Base */,
			);
			name = LaunchScreen.storyboard;
			sourceTree = "<group>";
		};
/* End PBXVariantGroup section */

/* Begin XCBuildConfiguration section */
		68AC0F0E2035AE6800EE5D73 /* Debug */ = {
			isa = XCBuildConfiguration;
			buildSettings = {
				ALWAYS_SEARCH_USER_PATHS = NO;
				CLANG_ANALYZER_NONNULL = YES;
				CLANG_ANALYZER_NUMBER_OBJECT_CONVERSION = YES_AGGRESSIVE;
				CLANG_CXX_LANGUAGE_STANDARD = "gnu++14";
				CLANG_CXX_LIBRARY = "libc++";
				CLANG_ENABLE_MODULES = YES;
				CLANG_ENABLE_OBJC_ARC = YES;
				CLANG_WARN_BLOCK_CAPTURE_AUTORELEASING = YES;
				CLANG_WARN_BOOL_CONVERSION = YES;
				CLANG_WARN_COMMA = YES;
				CLANG_WARN_CONSTANT_CONVERSION = YES;
				CLANG_WARN_DIRECT_OBJC_ISA_USAGE = YES_ERROR;
				CLANG_WARN_DOCUMENTATION_COMMENTS = YES;
				CLANG_WARN_EMPTY_BODY = YES;
				CLANG_WARN_ENUM_CONVERSION = YES;
				CLANG_WARN_INFINITE_RECURSION = YES;
				CLANG_WARN_INT_CONVERSION = YES;
				CLANG_WARN_NON_LITERAL_NULL_CONVERSION = YES;
				CLANG_WARN_OBJC_LITERAL_CONVERSION = YES;
				CLANG_WARN_OBJC_ROOT_CLASS = YES_ERROR;
				CLANG_WARN_RANGE_LOOP_ANALYSIS = YES;
				CLANG_WARN_STRICT_PROTOTYPES = YES;
				CLANG_WARN_SUSPICIOUS_MOVE = YES;
				CLANG_WARN_UNGUARDED_AVAILABILITY = YES_AGGRESSIVE;
				CLANG_WARN_UNREACHABLE_CODE = YES;
				CLANG_WARN__DUPLICATE_METHOD_MATCH = YES;
				CODE_SIGN_IDENTITY = "iPhone Developer";
				COPY_PHASE_STRIP = NO;
				DEBUG_INFORMATION_FORMAT = dwarf;
				ENABLE_STRICT_OBJC_MSGSEND = YES;
				ENABLE_TESTABILITY = YES;
				GCC_C_LANGUAGE_STANDARD = gnu11;
				GCC_DYNAMIC_NO_PIC = NO;
				GCC_NO_COMMON_BLOCKS = YES;
				GCC_OPTIMIZATION_LEVEL = 0;
				GCC_PREPROCESSOR_DEFINITIONS = (
					"DEBUG=1",
					"$(inherited)",
				);
				GCC_WARN_64_TO_32_BIT_CONVERSION = YES;
				GCC_WARN_ABOUT_RETURN_TYPE = YES_ERROR;
				GCC_WARN_UNDECLARED_SELECTOR = YES;
				GCC_WARN_UNINITIALIZED_AUTOS = YES_AGGRESSIVE;
				GCC_WARN_UNUSED_FUNCTION = YES;
				GCC_WARN_UNUSED_VARIABLE = YES;
				IPHONEOS_DEPLOYMENT_TARGET = 11.2;
				MTL_ENABLE_DEBUG_INFO = YES;
				ONLY_ACTIVE_ARCH = YES;
				SDKROOT = iphoneos;
				SWIFT_ACTIVE_COMPILATION_CONDITIONS = DEBUG;
				SWIFT_OPTIMIZATION_LEVEL = "-Onone";
			};
			name = Debug;
		};
		68AC0F0F2035AE6800EE5D73 /* Release */ = {
			isa = XCBuildConfiguration;
			buildSettings = {
				ALWAYS_SEARCH_USER_PATHS = NO;
				CLANG_ANALYZER_NONNULL = YES;
				CLANG_ANALYZER_NUMBER_OBJECT_CONVERSION = YES_AGGRESSIVE;
				CLANG_CXX_LANGUAGE_STANDARD = "gnu++14";
				CLANG_CXX_LIBRARY = "libc++";
				CLANG_ENABLE_MODULES = YES;
				CLANG_ENABLE_OBJC_ARC = YES;
				CLANG_WARN_BLOCK_CAPTURE_AUTORELEASING = YES;
				CLANG_WARN_BOOL_CONVERSION = YES;
				CLANG_WARN_COMMA = YES;
				CLANG_WARN_CONSTANT_CONVERSION = YES;
				CLANG_WARN_DIRECT_OBJC_ISA_USAGE = YES_ERROR;
				CLANG_WARN_DOCUMENTATION_COMMENTS = YES;
				CLANG_WARN_EMPTY_BODY = YES;
				CLANG_WARN_ENUM_CONVERSION = YES;
				CLANG_WARN_INFINITE_RECURSION = YES;
				CLANG_WARN_INT_CONVERSION = YES;
				CLANG_WARN_NON_LITERAL_NULL_CONVERSION = YES;
				CLANG_WARN_OBJC_LITERAL_CONVERSION = YES;
				CLANG_WARN_OBJC_ROOT_CLASS = YES_ERROR;
				CLANG_WARN_RANGE_LOOP_ANALYSIS = YES;
				CLANG_WARN_STRICT_PROTOTYPES = YES;
				CLANG_WARN_SUSPICIOUS_MOVE = YES;
				CLANG_WARN_UNGUARDED_AVAILABILITY = YES_AGGRESSIVE;
				CLANG_WARN_UNREACHABLE_CODE = YES;
				CLANG_WARN__DUPLICATE_METHOD_MATCH = YES;
				CODE_SIGN_IDENTITY = "iPhone Developer";
				COPY_PHASE_STRIP = NO;
				DEBUG_INFORMATION_FORMAT = "dwarf-with-dsym";
				ENABLE_NS_ASSERTIONS = NO;
				ENABLE_STRICT_OBJC_MSGSEND = YES;
				GCC_C_LANGUAGE_STANDARD = gnu11;
				GCC_NO_COMMON_BLOCKS = YES;
				GCC_WARN_64_TO_32_BIT_CONVERSION = YES;
				GCC_WARN_ABOUT_RETURN_TYPE = YES_ERROR;
				GCC_WARN_UNDECLARED_SELECTOR = YES;
				GCC_WARN_UNINITIALIZED_AUTOS = YES_AGGRESSIVE;
				GCC_WARN_UNUSED_FUNCTION = YES;
				GCC_WARN_UNUSED_VARIABLE = YES;
				IPHONEOS_DEPLOYMENT_TARGET = 11.2;
				MTL_ENABLE_DEBUG_INFO = NO;
				SDKROOT = iphoneos;
				SWIFT_OPTIMIZATION_LEVEL = "-Owholemodule";
				VALIDATE_PRODUCT = YES;
			};
			name = Release;
		};
		68AC0F112035AE6800EE5D73 /* Debug */ = {
			isa = XCBuildConfiguration;
			buildSettings = {
				ASSETCATALOG_COMPILER_APPICON_NAME = AppIcon;
				CODE_SIGN_STYLE = Automatic;
				INFOPLIST_FILE = DemoLocation/Info.plist;
				LD_RUNPATH_SEARCH_PATHS = "$(inherited) @executable_path/Frameworks";
				PRODUCT_BUNDLE_IDENTIFIER = com.mycompany.myapp.DemoLocation;
				PRODUCT_NAME = "$(TARGET_NAME)";
				SWIFT_VERSION = 4.0;
				TARGETED_DEVICE_FAMILY = "1,2";
			};
			name = Debug;
		};
		68AC0F122035AE6800EE5D73 /* Release */ = {
			isa = XCBuildConfiguration;
			buildSettings = {
				ASSETCATALOG_COMPILER_APPICON_NAME = AppIcon;
				CODE_SIGN_STYLE = Automatic;
				INFOPLIST_FILE = DemoLocation/Info.plist;
				LD_RUNPATH_SEARCH_PATHS = "$(inherited) @executable_path/Frameworks";
				PRODUCT_BUNDLE_IDENTIFIER = com.mycompany.myapp.DemoLocation;
				PRODUCT_NAME = "$(TARGET_NAME)";
				SWIFT_VERSION = 4.0;
				TARGETED_DEVICE_FAMILY = "1,2";
			};
			name = Release;
		};
		68AC0F142035AE6800EE5D73 /* Debug */ = {
			isa = XCBuildConfiguration;
			buildSettings = {
				ALWAYS_EMBED_SWIFT_STANDARD_LIBRARIES = YES;
				BUNDLE_LOADER = "$(TEST_HOST)";
				CODE_SIGN_STYLE = Automatic;
				INFOPLIST_FILE = DemoLocationTests/Info.plist;
				LD_RUNPATH_SEARCH_PATHS = "$(inherited) @executable_path/Frameworks @loader_path/Frameworks";
				PRODUCT_BUNDLE_IDENTIFIER = com.mycompany.myapp.DemoLocationTests;
				PRODUCT_NAME = "$(TARGET_NAME)";
				SWIFT_VERSION = 4.0;
				TARGETED_DEVICE_FAMILY = "1,2";
				TEST_HOST = "$(BUILT_PRODUCTS_DIR)/DemoLocation.app/DemoLocation";
			};
			name = Debug;
		};
		68AC0F152035AE6800EE5D73 /* Release */ = {
			isa = XCBuildConfiguration;
			buildSettings = {
				ALWAYS_EMBED_SWIFT_STANDARD_LIBRARIES = YES;
				BUNDLE_LOADER = "$(TEST_HOST)";
				CODE_SIGN_STYLE = Automatic;
				INFOPLIST_FILE = DemoLocationTests/Info.plist;
				LD_RUNPATH_SEARCH_PATHS = "$(inherited) @executable_path/Frameworks @loader_path/Frameworks";
				PRODUCT_BUNDLE_IDENTIFIER = com.mycompany.myapp.DemoLocationTests;
				PRODUCT_NAME = "$(TARGET_NAME)";
				SWIFT_VERSION = 4.0;
				TARGETED_DEVICE_FAMILY = "1,2";
				TEST_HOST = "$(BUILT_PRODUCTS_DIR)/DemoLocation.app/DemoLocation";
			};
			name = Release;
		};
		68AC0F172035AE6800EE5D73 /* Debug */ = {
			isa = XCBuildConfiguration;
			buildSettings = {
				ALWAYS_EMBED_SWIFT_STANDARD_LIBRARIES = YES;
				CODE_SIGN_STYLE = Automatic;
				INFOPLIST_FILE = DemoLocationUITests/Info.plist;
				LD_RUNPATH_SEARCH_PATHS = "$(inherited) @executable_path/Frameworks @loader_path/Frameworks";
				PRODUCT_BUNDLE_IDENTIFIER = com.mycompany.myapp.DemoLocationUITests;
				PRODUCT_NAME = "$(TARGET_NAME)";
				SWIFT_VERSION = 4.0;
				TARGETED_DEVICE_FAMILY = "1,2";
				TEST_TARGET_NAME = DemoLocation;
			};
			name = Debug;
		};
		68AC0F182035AE6800EE5D73 /* Release */ = {
			isa = XCBuildConfiguration;
			buildSettings = {
				ALWAYS_EMBED_SWIFT_STANDARD_LIBRARIES = YES;
				CODE_SIGN_STYLE = Automatic;
				INFOPLIST_FILE = DemoLocationUITests/Info.plist;
				LD_RUNPATH_SEARCH_PATHS = "$(inherited) @executable_path/Frameworks @loader_path/Frameworks";
				PRODUCT_BUNDLE_IDENTIFIER = com.mycompany.myapp.DemoLocationUITests;
				PRODUCT_NAME = "$(TARGET_NAME)";
				SWIFT_VERSION = 4.0;
				TARGETED_DEVICE_FAMILY = "1,2";
				TEST_TARGET_NAME = DemoLocation;
			};
			name = Release;
		};
/* End XCBuildConfiguration section */

/* Begin XCConfigurationList section */
		68AC0EE32035AE6700EE5D73 /* Build configuration list for PBXProject "DemoLocation" */ = {
			isa = XCConfigurationList;
			buildConfigurations = (
				68AC0F0E2035AE6800EE5D73 /* Debug */,
				68AC0F0F2035AE6800EE5D73 /* Release */,
			);
			defaultConfigurationIsVisible = 0;
			defaultConfigurationName = Release;
		};
		68AC0F102035AE6800EE5D73 /* Build configuration list for PBXNativeTarget "DemoLocation" */ = {
			isa = XCConfigurationList;
			buildConfigurations = (
				68AC0F112035AE6800EE5D73 /* Debug */,
				68AC0F122035AE6800EE5D73 /* Release */,
			);
			defaultConfigurationIsVisible = 0;
			defaultConfigurationName = Release;
		};
		68AC0F132035AE6800EE5D73 /* Build configuration list for PBXNativeTarget "DemoLocationTests" */ = {
			isa = XCConfigurationList;
			buildConfigurations = (
				68AC0F142035AE6800EE5D73 /* Debug */,
				68AC0F152035AE6800EE5D73 /* Release */,
			);
			defaultConfigurationIsVisible = 0;
			defaultConfigurationName = Release;
		};
		68AC0F162035AE6800EE5D73 /* Build configuration list for PBXNativeTarget "DemoLocationUITests" */ = {
			isa = XCConfigurationList;
			buildConfigurations = (
				68AC0F172035AE6800EE5D73 /* Debug */,
				68AC0F182035AE6800EE5D73 /* Release */,
			);
			defaultConfigurationIsVisible = 0;
			defaultConfigurationName = Release;
		};
/* End XCConfigurationList section */
	};
	rootObject = 68AC0EE02035AE6700EE5D73 /* Project object */;
}
